
Microsoft Visual Studio Solution File, Format Version 12.00
# Visual Studio Version 17
VisualStudioVersion = 17.7.34202.233
MinimumVisualStudioVersion = 10.0.40219.1
Project("{FAE04EC0-301F-11D3-BF4B-00C04F79EFBC}") = "CadastrosEmpresas.API", "CadastrosEmpresas.API\CadastrosEmpresas.API.csproj", "{19EDA566-E619-4BD8-BB55-A654DB9A3EC2}"
EndProject
Global
	GlobalSection(SolutionConfigurationPlatforms) = preSolution
		Debug|Any CPU = Debug|Any CPU
		Release|Any CPU = Release|Any CPU
	EndGlobalSection
	GlobalSection(ProjectConfigurationPlatforms) = postSolution
		{19EDA566-E619-4BD8-BB55-A654DB9A3EC2}.Debug|Any CPU.ActiveCfg = Debug|Any CPU
		{19EDA566-E619-4BD8-BB55-A654DB9A3EC2}.Debug|Any CPU.Build.0 = Debug|Any CPU
		{19EDA566-E619-4BD8-BB55-A654DB9A3EC2}.Release|Any CPU.ActiveCfg = Release|Any CPU
		{19EDA566-E619-4BD8-BB55-A654DB9A3EC2}.Release|Any CPU.Build.0 = Release|Any CPU
	EndGlobalSection
	GlobalSection(SolutionProperties) = preSolution
		HideSolutionNode = FALSE
	EndGlobalSection
	GlobalSection(ExtensibilityGlobals) = postSolution
		SolutionGuid = {474A430E-28EF-4973-9310-3D09BC859B9F}
	EndGlobalSection
EndGlobal
